Microsoft Visual Studio Solution File, Format Version 12.00
# Visual Studio Version 17
VisualStudioVersion = 17.5.2.0
MinimumVisualStudioVersion = 10.0.40219.1
Project("{FAE04EC0-301F-11D3-BF4B-00C04F79EFBC}") = "Foodsync(vs code)", "Foodsync(vs code).csproj", "{F88A03D8-B8B0-E716-873E-20BE3C969515}"
EndProject
Global
	GlobalSection(SolutionConfigurationPlatforms) = preSolution
		Debug|Any CPU = Debug|Any CPU
		Release|Any CPU = Release|Any CPU
	EndGlobalSection
	GlobalSection(ProjectConfigurationPlatforms) = postSolution
		{F88A03D8-B8B0-E716-873E-20BE3C969515}.Debug|Any CPU.ActiveCfg = Debug|Any CPU
		{F88A03D8-B8B0-E716-873E-20BE3C969515}.Debug|Any CPU.Build.0 = Debug|Any CPU
		{F88A03D8-B8B0-E716-873E-20BE3C969515}.Release|Any CPU.ActiveCfg = Release|Any CPU
		{F88A03D8-B8B0-E716-873E-20BE3C969515}.Release|Any CPU.Build.0 = Release|Any CPU
	EndGlobalSection
	GlobalSection(SolutionProperties) = preSolution
		HideSolutionNode = FALSE
	EndGlobalSection
	GlobalSection(ExtensibilityGlobals) = postSolution
		SolutionGuid = {6B86DE9E-86A5-48A7-B9C7-A11C550D2274}
	EndGlobalSection
EndGlobal
